PODS:
  - BSForegroundNotification (2.0)

DEPENDENCIES:
  - BSForegroundNotification (from `../`)

EXTERNAL SOURCES:
  BSForegroundNotification:
    :path: ../

SPEC CHECKSUMS:
  BSForegroundNotification: d8471faf2bf30a16512466509aabe462a6cca8c1

PODFILE CHECKSUM: 3b1ca57ee52e7a1630aac0e1a591ab9904077db2

COCOAPODS: 1.1.1
